
Microsoft Visual Studio Solution File, Format Version 12.00
# Visual Studio 15
VisualStudioVersion = 15.0.26403.3
MinimumVisualStudioVersion = 10.0.40219.1
Project("{FAE04EC0-301F-11D3-BF4B-00C04F79EFBC}") = "ACM.BL", "ACM.BL\ACM.BL.csproj", "{37C8D2F8-8B00-4F0A-9F9A-ED00D6C7D2F6}"
EndProject
Project("{2150E333-8FDC-42A3-9474-1A3956D46DE8}") = "ProjectTests", "ProjectTests", "{63596435-D473-4815-83A8-37D1C9285D9C}"
EndProject
Project("{FAE04EC0-301F-11D3-BF4B-00C04F79EFBC}") = "ACM.BLTests", "ACM.BLTests\ACM.BLTests.csproj", "{D6F71C37-CBAE-4969-BAB5-59004F98A50E}"
EndProject
Project("{FAE04EC0-301F-11D3-BF4B-00C04F79EFBC}") = "ACM.Library", "ACM.Library\ACM.Library.csproj", "{0C54919F-860C-424D-8DC1-B3950D4B4478}"
EndProject
Project("{FAE04EC0-301F-11D3-BF4B-00C04F79EFBC}") = "ACM.LibraryTests", "ACM.LibraryTests\ACM.LibraryTests.csproj", "{547A7700-C833-45F1-B891-12A758F9BA34}"
EndProject
Project("{FAE04EC0-301F-11D3-BF4B-00C04F79EFBC}") = "ACM.WPF", "ACM.WPF\ACM.WPF.csproj", "{C8311F22-E916-498B-941C-0C6193BEEE19}"
EndProject
Global
	GlobalSection(SolutionConfigurationPlatforms) = preSolution
		Debug|Any CPU = Debug|Any CPU
		Release|Any CPU = Release|Any CPU
	EndGlobalSection
	GlobalSection(ProjectConfigurationPlatforms) = postSolution
		{37C8D2F8-8B00-4F0A-9F9A-ED00D6C7D2F6}.Debug|Any CPU.ActiveCfg = Debug|Any CPU
		{37C8D2F8-8B00-4F0A-9F9A-ED00D6C7D2F6}.Debug|Any CPU.Build.0 = Debug|Any CPU
		{37C8D2F8-8B00-4F0A-9F9A-ED00D6C7D2F6}.Release|Any CPU.ActiveCfg = Release|Any CPU
		{37C8D2F8-8B00-4F0A-9F9A-ED00D6C7D2F6}.Release|Any CPU.Build.0 = Release|Any CPU
		{D6F71C37-CBAE-4969-BAB5-59004F98A50E}.Debug|Any CPU.ActiveCfg = Debug|Any CPU
		{D6F71C37-CBAE-4969-BAB5-59004F98A50E}.Debug|Any CPU.Build.0 = Debug|Any CPU
		{D6F71C37-CBAE-4969-BAB5-59004F98A50E}.Release|Any CPU.ActiveCfg = Release|Any CPU
		{D6F71C37-CBAE-4969-BAB5-59004F98A50E}.Release|Any CPU.Build.0 = Release|Any CPU
		{0C54919F-860C-424D-8DC1-B3950D4B4478}.Debug|Any CPU.ActiveCfg = Debug|Any CPU
		{0C54919F-860C-424D-8DC1-B3950D4B4478}.Debug|Any CPU.Build.0 = Debug|Any CPU
		{0C54919F-860C-424D-8DC1-B3950D4B4478}.Release|Any CPU.ActiveCfg = Release|Any CPU
		{0C54919F-860C-424D-8DC1-B3950D4B4478}.Release|Any CPU.Build.0 = Release|Any CPU
		{547A7700-C833-45F1-B891-12A758F9BA34}.Debug|Any CPU.ActiveCfg = Debug|Any CPU
		{547A7700-C833-45F1-B891-12A758F9BA34}.Debug|Any CPU.Build.0 = Debug|Any CPU
		{547A7700-C833-45F1-B891-12A758F9BA34}.Release|Any CPU.ActiveCfg = Release|Any CPU
		{547A7700-C833-45F1-B891-12A758F9BA34}.Release|Any CPU.Build.0 = Release|Any CPU
		{C8311F22-E916-498B-941C-0C6193BEEE19}.Debug|Any CPU.ActiveCfg = Debug|Any CPU
		{C8311F22-E916-498B-941C-0C6193BEEE19}.Debug|Any CPU.Build.0 = Debug|Any CPU
		{C8311F22-E916-498B-941C-0C6193BEEE19}.Release|Any CPU.ActiveCfg = Release|Any CPU
		{C8311F22-E916-498B-941C-0C6193BEEE19}.Release|Any CPU.Build.0 = Release|Any CPU
	EndGlobalSection
	GlobalSection(SolutionProperties) = preSolution
		HideSolutionNode = FALSE
	EndGlobalSection
	GlobalSection(NestedProjects) = preSolution
		{D6F71C37-CBAE-4969-BAB5-59004F98A50E} = {63596435-D473-4815-83A8-37D1C9285D9C}
		{547A7700-C833-45F1-B891-12A758F9BA34} = {63596435-D473-4815-83A8-37D1C9285D9C}
	EndGlobalSection
EndGlobal
